<?xml version="1.0" encoding="utf-8"?>
<Project ToolsVersion="4.0" xmlns="http://schemas.microsoft.com/developer/msbuild/2003">
  <ItemGroup>
    <Filter Include="Source Files">
      <UniqueIdentifier>{0e085710-a1ed-4899-a5b1-e822973a4cf4}</UniqueIdentifier>
      <Extensions>cpp;c;cxx;def;odl;idl;hpj;bat;asm</Extensions>
    </Filter>
    <Filter Include="Header Files">
      <UniqueIdentifier>{dadf0038-d3ed-4211-93b0-259376cea751}</UniqueIdentifier>
      <Extensions>h;hpp;hxx;hm;inl;inc</Extensions>
    </Filter>
    <Filter Include="Resource Files">
      <UniqueIdentifier>{b95457ac-22b2-49c1-92d5-543bf3e9e3ac}</UniqueIdentifier>
      <Extensions>rc;ico;cur;bmp;dlg;rc2;rct;bin;rgs;gif;jpg;jpeg;jpe</Extensions>
    </Filter>
    <Filter Include="Generated Files - Created from idl and def">
      <UniqueIdentifier>{e344e1a9-9ea7-4a36-9143-398fc078c189}</UniqueIdentifier>
      <SourceControlFiles>False</SourceControlFiles>
    </Filter>
  </ItemGroup>
  <ItemGroup>
    <ClCompile Include="stdafx.cpp">
      <Filter>Source Files</Filter>
    </ClCompile>
    <ClCompile Include="VUTPPUserControlHost.cpp">
      <Filter>Source Files</Filter>
    </ClCompile>
    <ClCompile Include="VUTPPUserControlHostCtl.cpp">
      <Filter>Source Files</Filter>
    </ClCompile>
    <ClCompile Include="VUTPPUserControlHost_i.c">
      <Filter>Generated Files - Created from idl and def</Filter>
    </ClCompile>
  </ItemGroup>
  <ItemGroup>
    <None Include="VUTPPUserControlHost.def">
      <Filter>Source Files</Filter>
    </None>
    <None Include="VUTPPUserControlHostCtl.rgs">
      <Filter>Resource Files</Filter>
    </None>
  </ItemGroup>
  <ItemGroup>
    <Midl Include="VUTPPUserControlHost.idl">
      <Filter>Source Files</Filter>
    </Midl>
  </ItemGroup>
  <ItemGroup>
    <ClInclude Include="Resource.h">
      <Filter>Header Files</Filter>
    </ClInclude>
    <ClInclude Include="stdafx.h">
      <Filter>Header Files</Filter>
    </ClInclude>
    <ClInclude Include="VUTPPUserControlHost.h">
      <Filter>Generated Files - Created from idl and def</Filter>
    </ClInclude>
  </ItemGroup>
  <ItemGroup>
    <ResourceCompile Include="VUTPPUserControlHost.rc">
      <Filter>Resource Files</Filter>
    </ResourceCompile>
  </ItemGroup>
</Project>