
Microsoft Visual Studio Solution File, Format Version 9.00
# Visual Studio 2005
Project("{8BC9CEB8-8B4A-11D0-8D11-00A0C91BC942}") = "SampleUnitTest++", "SampleUnitTest++\SampleUnitTest++.vcproj", "{8B4F7C02-30A1-46C9-9D9C-67DCECB941BA}"
EndProject
Project("{8BC9CEB8-8B4A-11D0-8D11-00A0C91BC942}") = "SampleCppUnitLite2", "SampleCppUnitLite2\SampleCppUnitLite2.vcproj", "{5E870326-A3D8-4467-A715-1AFE82EAD919}"
EndProject
Project("{8BC9CEB8-8B4A-11D0-8D11-00A0C91BC942}") = "SampleCppUnitLite", "SampleCppUnitLite\SampleCppUnitLite.vcproj", "{E83525E6-46C9-4691-A634-B18ADBE5F302}"
EndProject
Project("{8BC9CEB8-8B4A-11D0-8D11-00A0C91BC942}") = "SampleBoostTest", "SampleBoostTest\SampleBoostTest.vcproj", "{36C34AF8-D526-4066-979C-534F898F6C61}"
EndProject
Global
	GlobalSection(SolutionConfigurationPlatforms) = preSolution
		Debug|Win32 = Debug|Win32
		Release|Win32 = Release|Win32
	EndGlobalSection
	GlobalSection(ProjectConfigurationPlatforms) = postSolution
		{8B4F7C02-30A1-46C9-9D9C-67DCECB941BA}.Debug|Win32.ActiveCfg = Debug|Win32
		{8B4F7C02-30A1-46C9-9D9C-67DCECB941BA}.Debug|Win32.Build.0 = Debug|Win32
		{8B4F7C02-30A1-46C9-9D9C-67DCECB941BA}.Release|Win32.ActiveCfg = Release|Win32
		{8B4F7C02-30A1-46C9-9D9C-67DCECB941BA}.Release|Win32.Build.0 = Release|Win32
		{5E870326-A3D8-4467-A715-1AFE82EAD919}.Debug|Win32.ActiveCfg = Debug|Win32
		{5E870326-A3D8-4467-A715-1AFE82EAD919}.Debug|Win32.Build.0 = Debug|Win32
		{5E870326-A3D8-4467-A715-1AFE82EAD919}.Release|Win32.ActiveCfg = Release|Win32
		{5E870326-A3D8-4467-A715-1AFE82EAD919}.Release|Win32.Build.0 = Release|Win32
		{E83525E6-46C9-4691-A634-B18ADBE5F302}.Debug|Win32.ActiveCfg = Debug|Win32
		{E83525E6-46C9-4691-A634-B18ADBE5F302}.Debug|Win32.Build.0 = Debug|Win32
		{E83525E6-46C9-4691-A634-B18ADBE5F302}.Release|Win32.ActiveCfg = Release|Win32
		{E83525E6-46C9-4691-A634-B18ADBE5F302}.Release|Win32.Build.0 = Release|Win32
		{36C34AF8-D526-4066-979C-534F898F6C61}.Debug|Win32.ActiveCfg = Debug|Win32
		{36C34AF8-D526-4066-979C-534F898F6C61}.Debug|Win32.Build.0 = Debug|Win32
		{36C34AF8-D526-4066-979C-534F898F6C61}.Release|Win32.ActiveCfg = Release|Win32
		{36C34AF8-D526-4066-979C-534F898F6C61}.Release|Win32.Build.0 = Release|Win32
	EndGlobalSection
	GlobalSection(SolutionProperties) = preSolution
		HideSolutionNode = FALSE
	EndGlobalSection
EndGlobal
